
Microsoft Visual Studio Solution File, Format Version 12.00
# Visual Studio 15
VisualStudioVersion = 15.0.27703.2026
MinimumVisualStudioVersion = 10.0.40219.1
Project("{FAE04EC0-301F-11D3-BF4B-00C04F79EFBC}") = "CamelCase", "CamelCase\CamelCase.csproj", "{76573533-D8C7-4B40-976D-EB21B07CCB80}"
EndProject
Project("{FAE04EC0-301F-11D3-BF4B-00C04F79EFBC}") = "MarsExploration", "MarsExploration\MarsExploration.csproj", "{A2669C49-9BEB-4CFA-A2B3-B21E7A31AA5E}"
EndProject
Project("{FAE04EC0-301F-11D3-BF4B-00C04F79EFBC}") = "AlternatingCharacters", "AlternatingCharacters\AlternatingCharacters.csproj", "{980C826B-3705-4B78-A703-BC51D50C905B}"
EndProject
Global
	GlobalSection(SolutionConfigurationPlatforms) = preSolution
		Debug|Any CPU = Debug|Any CPU
		Release|Any CPU = Release|Any CPU
	EndGlobalSection
	GlobalSection(ProjectConfigurationPlatforms) = postSolution
		{76573533-D8C7-4B40-976D-EB21B07CCB80}.Debug|Any CPU.ActiveCfg = Debug|Any CPU
		{76573533-D8C7-4B40-976D-EB21B07CCB80}.Debug|Any CPU.Build.0 = Debug|Any CPU
		{76573533-D8C7-4B40-976D-EB21B07CCB80}.Release|Any CPU.ActiveCfg = Release|Any CPU
		{76573533-D8C7-4B40-976D-EB21B07CCB80}.Release|Any CPU.Build.0 = Release|Any CPU
		{A2669C49-9BEB-4CFA-A2B3-B21E7A31AA5E}.Debug|Any CPU.ActiveCfg = Debug|Any CPU
		{A2669C49-9BEB-4CFA-A2B3-B21E7A31AA5E}.Debug|Any CPU.Build.0 = Debug|Any CPU
		{A2669C49-9BEB-4CFA-A2B3-B21E7A31AA5E}.Release|Any CPU.ActiveCfg = Release|Any CPU
		{A2669C49-9BEB-4CFA-A2B3-B21E7A31AA5E}.Release|Any CPU.Build.0 = Release|Any CPU
		{980C826B-3705-4B78-A703-BC51D50C905B}.Debug|Any CPU.ActiveCfg = Debug|Any CPU
		{980C826B-3705-4B78-A703-BC51D50C905B}.Debug|Any CPU.Build.0 = Debug|Any CPU
		{980C826B-3705-4B78-A703-BC51D50C905B}.Release|Any CPU.ActiveCfg = Release|Any CPU
		{980C826B-3705-4B78-A703-BC51D50C905B}.Release|Any CPU.Build.0 = Release|Any CPU
	EndGlobalSection
	GlobalSection(SolutionProperties) = preSolution
		HideSolutionNode = FALSE
	EndGlobalSection
	GlobalSection(ExtensibilityGlobals) = postSolution
		SolutionGuid = {6BBF6698-019F-4B46-9E3B-38CEF23804C6}
	EndGlobalSection
EndGlobal
